
Microsoft Visual Studio Solution File, Format Version 12.00
# Visual Studio 2012
Project("{F2A71F9B-5D33-465A-A702-920D77279786}") = "Friedrich", "Friedrich\Friedrich.fsproj", "{9F9C66E4-CE01-49F5-95A3-86B848C18020}"
EndProject
Project("{F2A71F9B-5D33-465A-A702-920D77279786}") = "Friedrich.Tests", "Friedrich.Tests\Friedrich.Tests.fsproj", "{333C217A-68B5-49FF-9D45-5FA817A3CC34}"
EndProject
Global
	GlobalSection(SolutionConfigurationPlatforms) = preSolution
		Debug|Any CPU = Debug|Any CPU
		Release|Any CPU = Release|Any CPU
	EndGlobalSection
	GlobalSection(ProjectConfigurationPlatforms) = postSolution
		{9F9C66E4-CE01-49F5-95A3-86B848C18020}.Debug|Any CPU.ActiveCfg = Debug|Any CPU
		{9F9C66E4-CE01-49F5-95A3-86B848C18020}.Debug|Any CPU.Build.0 = Debug|Any CPU
		{9F9C66E4-CE01-49F5-95A3-86B848C18020}.Release|Any CPU.ActiveCfg = Release|Any CPU
		{9F9C66E4-CE01-49F5-95A3-86B848C18020}.Release|Any CPU.Build.0 = Release|Any CPU
		{333C217A-68B5-49FF-9D45-5FA817A3CC34}.Debug|Any CPU.ActiveCfg = Debug|Any CPU
		{333C217A-68B5-49FF-9D45-5FA817A3CC34}.Debug|Any CPU.Build.0 = Debug|Any CPU
		{333C217A-68B5-49FF-9D45-5FA817A3CC34}.Release|Any CPU.ActiveCfg = Release|Any CPU
		{333C217A-68B5-49FF-9D45-5FA817A3CC34}.Release|Any CPU.Build.0 = Release|Any CPU
	EndGlobalSection
	GlobalSection(SolutionProperties) = preSolution
		HideSolutionNode = FALSE
	EndGlobalSection
EndGlobal
